
Microsoft Visual Studio Solution File, Format Version 12.00
# Visual Studio Version 17
VisualStudioVersion = 17.12.35527.113 d17.12
MinimumVisualStudioVersion = 10.0.40219.1
Project("{FAE04EC0-301F-11D3-BF4B-00C04F79EFBC}") = "Port", "Port\Port.csproj", "{FF439257-9FCE-4E65-8E07-0ECC575F27E5}"
EndProject
Global
	GlobalSection(SolutionConfigurationPlatforms) = preSolution
		Debug|Any CPU = Debug|Any CPU
		Release|Any CPU = Release|Any CPU
	EndGlobalSection
	GlobalSection(ProjectConfigurationPlatforms) = postSolution
		{FF439257-9FCE-4E65-8E07-0ECC575F27E5}.Debug|Any CPU.ActiveCfg = Debug|Any CPU
		{FF439257-9FCE-4E65-8E07-0ECC575F27E5}.Debug|Any CPU.Build.0 = Debug|Any CPU
		{FF439257-9FCE-4E65-8E07-0ECC575F27E5}.Release|Any CPU.ActiveCfg = Release|Any CPU
		{FF439257-9FCE-4E65-8E07-0ECC575F27E5}.Release|Any CPU.Build.0 = Release|Any CPU
	EndGlobalSection
	GlobalSection(SolutionProperties) = preSolution
		HideSolutionNode = FALSE
	EndGlobalSection
EndGlobal
