
Microsoft Visual Studio Solution File, Format Version 12.00
# Visual Studio Version 17
VisualStudioVersion = 17.12.35527.113 d17.12
MinimumVisualStudioVersion = 10.0.40219.1
Project("{FAE04EC0-301F-11D3-BF4B-00C04F79EFBC}") = "Distance", "Distance\Distance.csproj", "{99120398-E0ED-476A-8838-48F7BFCFB37E}"
EndProject
Project("{FAE04EC0-301F-11D3-BF4B-00C04F79EFBC}") = "OrderForm", "OrderForm\OrderForm.csproj", "{8022C523-3775-4885-B3D6-F50CB38E3B25}"
EndProject
Global
	GlobalSection(SolutionConfigurationPlatforms) = preSolution
		Debug|Any CPU = Debug|Any CPU
		Release|Any CPU = Release|Any CPU
	EndGlobalSection
	GlobalSection(ProjectConfigurationPlatforms) = postSolution
		{99120398-E0ED-476A-8838-48F7BFCFB37E}.Debug|Any CPU.ActiveCfg = Debug|Any CPU
		{99120398-E0ED-476A-8838-48F7BFCFB37E}.Debug|Any CPU.Build.0 = Debug|Any CPU
		{99120398-E0ED-476A-8838-48F7BFCFB37E}.Release|Any CPU.ActiveCfg = Release|Any CPU
		{99120398-E0ED-476A-8838-48F7BFCFB37E}.Release|Any CPU.Build.0 = Release|Any CPU
		{8022C523-3775-4885-B3D6-F50CB38E3B25}.Debug|Any CPU.ActiveCfg = Debug|Any CPU
		{8022C523-3775-4885-B3D6-F50CB38E3B25}.Debug|Any CPU.Build.0 = Debug|Any CPU
		{8022C523-3775-4885-B3D6-F50CB38E3B25}.Release|Any CPU.ActiveCfg = Release|Any CPU
		{8022C523-3775-4885-B3D6-F50CB38E3B25}.Release|Any CPU.Build.0 = Release|Any CPU
	EndGlobalSection
	GlobalSection(SolutionProperties) = preSolution
		HideSolutionNode = FALSE
	EndGlobalSection
EndGlobal
